// !$*UTF8*$!
{
	archiveVersion = 1;
	classes = {
	};
	objectVersion = 50;
	objects = {

/* Begin PBXBuildFile section */
		2F45E46B2079598500485D2D /* ParseNetworking.swift in Sources */ = {isa = PBXBuildFile; fileRef = 2F45E46A2079598500485D2D /* ParseNetworking.swift */; };
		2F45E46D20795B1A00485D2D /* StudentInformation.swift in Sources */ = {isa = PBXBuildFile; fileRef = 2F45E46C20795B1A00485D2D /* StudentInformation.swift */; };
		2F45E46F20795CAE00485D2D /* MapViewController.swift in Sources */ = {isa = PBXBuildFile; fileRef = 2F45E46E20795CAE00485D2D /* MapViewController.swift */; };
		2F45E47120797BE400485D2D /* UdacityNetworking.swift in Sources */ = {isa = PBXBuildFile; fileRef = 2F45E47020797BE400485D2D /* UdacityNetworking.swift */; };
		2F45E473207A150F00485D2D /* TableViewController.swift in Sources */ = {isa = PBXBuildFile; fileRef = 2F45E472207A150F00485D2D /* TableViewController.swift */; };
		2F5E1B3E207A2449009C0B6D /* TabBarController.swift in Sources */ = {isa = PBXBuildFile; fileRef = 2F5E1B3D207A2449009C0B6D /* TabBarController.swift */; };
		2FB46C79207A95E3004C5856 /* FinishAddLocationController.swift in Sources */ = {isa = PBXBuildFile; fileRef = 2FB46C78207A95E3004C5856 /* FinishAddLocationController.swift */; };
		2FB46C7B207A9601004C5856 /* AddLocationViewController.swift in Sources */ = {isa = PBXBuildFile; fileRef = 2FB46C7A207A9601004C5856 /* AddLocationViewController.swift */; };
		2FD1F16A20777B19008C56EB /* AppDelegate.swift in Sources */ = {isa = PBXBuildFile; fileRef = 2FD1F16920777B19008C56EB /* AppDelegate.swift */; };
		2FD1F16C20777B19008C56EB /* LoginViewController.swift in Sources */ = {isa = PBXBuildFile; fileRef = 2FD1F16B20777B19008C56EB /* LoginViewController.swift */; };
		2FD1F16F20777B19008C56EB /* Main.storyboard in Resources */ = {isa = PBXBuildFile; fileRef = 2FD1F16D20777B19008C56EB /* Main.storyboard */; };
		2FD1F17120777B1B008C56EB /* Assets.xcassets in Resources */ = {isa = PBXBuildFile; fileRef = 2FD1F17020777B1B008C56EB /* Assets.xcassets */; };
		2FD1F17420777B1B008C56EB /* LaunchScreen.storyboard in Resources */ = {isa = PBXBuildFile; fileRef = 2FD1F17220777B1B008C56EB /* LaunchScreen.storyboard */; };
		2FF53505207CB1DF0028B547 /* StudentDataSource.swift in Sources */ = {isa = PBXBuildFile; fileRef = 2FF53504207CB1DF0028B547 /* StudentDataSource.swift */; };
		2FFAD4CA207828A3009555A9 /* NetworkingConstants.swift in Sources */ = {isa = PBXBuildFile; fileRef = 2FFAD4C9207828A3009555A9 /* NetworkingConstants.swift */; };
/* End PBXBuildFile section */

/* Begin PBXFileReference section */
		2F45E46A2079598500485D2D /* ParseNetworking.swift */ = {isa = PBXFileReference; lastKnownFileType = sourcecode.swift; path = ParseNetworking.swift; sourceTree = "<group>"; };
		2F45E46C20795B1A00485D2D /* StudentInformation.swift */ = {isa = PBXFileReference; lastKnownFileType = sourcecode.swift; path = StudentInformation.swift; sourceTree = "<group>"; };
		2F45E46E20795CAE00485D2D /* MapViewController.swift */ = {isa = PBXFileReference; lastKnownFileType = sourcecode.swift; path = MapViewController.swift; sourceTree = "<group>"; };
		2F45E47020797BE400485D2D /* UdacityNetworking.swift */ = {isa = PBXFileReference; lastKnownFileType = sourcecode.swift; path = UdacityNetworking.swift; sourceTree = "<group>"; };
		2F45E472207A150F00485D2D /* TableViewController.swift */ = {isa = PBXFileReference; lastKnownFileType = sourcecode.swift; path = TableViewController.swift; sourceTree = "<group>"; };
		2F5E1B3D207A2449009C0B6D /* TabBarController.swift */ = {isa = PBXFileReference; lastKnownFileType = sourcecode.swift; path = TabBarController.swift; sourceTree = "<group>"; };
		2FB46C78207A95E3004C5856 /* FinishAddLocationController.swift */ = {isa = PBXFileReference; lastKnownFileType = sourcecode.swift; path = FinishAddLocationController.swift; sourceTree = "<group>"; };
		2FB46C7A207A9601004C5856 /* AddLocationViewController.swift */ = {isa = PBXFileReference; lastKnownFileType = sourcecode.swift; path = AddLocationViewController.swift; sourceTree = "<group>"; };
		2FD1F16620777B19008C56EB /* OnTheMap.app */ = {isa = PBXFileReference; explicitFileType = wrapper.application; includeInIndex = 0; path = OnTheMap.app; sourceTree = BUILT_PRODUCTS_DIR; };
		2FD1F16920777B19008C56EB /* AppDelegate.swift */ = {isa = PBXFileReference; lastKnownFileType = sourcecode.swift; path = AppDelegate.swift; sourceTree = "<group>"; };
		2FD1F16B20777B19008C56EB /* LoginViewController.swift */ = {isa = PBXFileReference; lastKnownFileType = sourcecode.swift; path = LoginViewController.swift; sourceTree = "<group>"; };
		2FD1F16E20777B19008C56EB /* Base */ = {isa = PBXFileReference; lastKnownFileType = file.storyboard; name = Base; path = Base.lproj/Main.storyboard; sourceTree = "<group>"; };
		2FD1F17020777B1B008C56EB /* Assets.xcassets */ = {isa = PBXFileReference; lastKnownFileType = folder.assetcatalog; path = Assets.xcassets; sourceTree = "<group>"; };
		2FD1F17320777B1B008C56EB /* Base */ = {isa = PBXFileReference; lastKnownFileType = file.storyboard; name = Base; path = Base.lproj/LaunchScreen.storyboard; sourceTree = "<group>"; };
		2FD1F17520777B1B008C56EB /* Info.plist */ = {isa = PBXFileReference; lastKnownFileType = text.plist.xml; path = Info.plist; sourceTree = "<group>"; };
		2FF53504207CB1DF0028B547 /* StudentDataSource.swift */ = {isa = PBXFileReference; lastKnownFileType = sourcecode.swift; path = StudentDataSource.swift; sourceTree = "<group>"; };
		2FFAD4C9207828A3009555A9 /* NetworkingConstants.swift */ = {isa = PBXFileReference; lastKnownFileType = sourcecode.swift; path = NetworkingConstants.swift; sourceTree = "<group>"; };
/* End PBXFileReference section */

/* Begin PBXFrameworksBuildPhase section */
		2FD1F16320777B19008C56EB /* Frameworks */ = {
			isa = PBXFrameworksBuildPhase;
			buildActionMask = 2147483647;
			files = (
			);
			runOnlyForDeploymentPostprocessing = 0;
		};
/* End PBXFrameworksBuildPhase section */

/* Begin PBXGroup section */
		2F9DF54F207ABAEC0083B380 /* ViewControllers */ = {
			isa = PBXGroup;
			children = (
				2FD1F16B20777B19008C56EB /* LoginViewController.swift */,
				2F45E46E20795CAE00485D2D /* MapViewController.swift */,
				2F5E1B3D207A2449009C0B6D /* TabBarController.swift */,
				2F45E472207A150F00485D2D /* TableViewController.swift */,
				2FB46C7A207A9601004C5856 /* AddLocationViewController.swift */,
				2FB46C78207A95E3004C5856 /* FinishAddLocationController.swift */,
			);
			path = ViewControllers;
			sourceTree = "<group>";
		};
		2F9DF550207ABB270083B380 /* Model */ = {
			isa = PBXGroup;
			children = (
				2F45E46C20795B1A00485D2D /* StudentInformation.swift */,
				2F45E46A2079598500485D2D /* ParseNetworking.swift */,
				2F45E47020797BE400485D2D /* UdacityNetworking.swift */,
				2FFAD4C9207828A3009555A9 /* NetworkingConstants.swift */,
			);
			path = Model;
			sourceTree = "<group>";
		};
		2FD1F15D20777B19008C56EB = {
			isa = PBXGroup;
			children = (
				2FD1F16820777B19008C56EB /* OnTheMap */,
				2FD1F16720777B19008C56EB /* Products */,
			);
			sourceTree = "<group>";
		};
		2FD1F16720777B19008C56EB /* Products */ = {
			isa = PBXGroup;
			children = (
				2FD1F16620777B19008C56EB /* OnTheMap.app */,
			);
			name = Products;
			sourceTree = "<group>";
		};
		2FD1F16820777B19008C56EB /* OnTheMap */ = {
			isa = PBXGroup;
			children = (
				2F9DF550207ABB270083B380 /* Model */,
				2F9DF54F207ABAEC0083B380 /* ViewControllers */,
				2FD1F16920777B19008C56EB /* AppDelegate.swift */,
				2FD1F16D20777B19008C56EB /* Main.storyboard */,
				2FD1F17020777B1B008C56EB /* Assets.xcassets */,
				2FD1F17220777B1B008C56EB /* LaunchScreen.storyboard */,
				2FD1F17520777B1B008C56EB /* Info.plist */,
				2FF53504207CB1DF0028B547 /* StudentDataSource.swift */,
			);
			path = OnTheMap;
			sourceTree = "<group>";
		};
/* End PBXGroup section */

/* Begin PBXNativeTarget section */
		2FD1F16520777B19008C56EB /* OnTheMap */ = {
			isa = PBXNativeTarget;
			buildConfigurationList = 2FD1F17820777B1B008C56EB /* Build configuration list for PBXNativeTarget "OnTheMap" */;
			buildPhases = (
				2FD1F16220777B19008C56EB /* Sources */,
				2FD1F16320777B19008C56EB /* Frameworks */,
				2FD1F16420777B19008C56EB /* Resources */,
			);
			buildRules = (
			);
			dependencies = (
			);
			name = OnTheMap;
			productName = OnTheMap;
			productReference = 2FD1F16620777B19008C56EB /* OnTheMap.app */;
			productType = "com.apple.product-type.application";
		};
/* End PBXNativeTarget section */

/* Begin PBXProject section */
		2FD1F15E20777B19008C56EB /* Project object */ = {
			isa = PBXProject;
			attributes = {
				LastSwiftUpdateCheck = 0930;
				LastUpgradeCheck = 0930;
				ORGANIZATIONNAME = Sultan;
				TargetAttributes = {
					2FD1F16520777B19008C56EB = {
						CreatedOnToolsVersion = 9.3;
					};
				};
			};
			buildConfigurationList = 2FD1F16120777B19008C56EB /* Build configuration list for PBXProject "OnTheMap" */;
			compatibilityVersion = "Xcode 9.3";
			developmentRegion = en;
			hasScannedForEncodings = 0;
			knownRegions = (
				en,
				Base,
			);
			mainGroup = 2FD1F15D20777B19008C56EB;
			productRefGroup = 2FD1F16720777B19008C56EB /* Products */;
			projectDirPath = "";
			projectRoot = "";
			targets = (
				2FD1F16520777B19008C56EB /* OnTheMap */,
			);
		};
/* End PBXProject section */

/* Begin PBXResourcesBuildPhase section */
		2FD1F16420777B19008C56EB /* Resources */ = {
			isa = PBXResourcesBuildPhase;
			buildActionMask = 2147483647;
			files = (
				2FD1F17420777B1B008C56EB /* LaunchScreen.storyboard in Resources */,
				2FD1F17120777B1B008C56EB /* Assets.xcassets in Resources */,
				2FD1F16F20777B19008C56EB /* Main.storyboard in Resources */,
			);
			runOnlyForDeploymentPostprocessing = 0;
		};
/* End PBXResourcesBuildPhase section */

/* Begin PBXSourcesBuildPhase section */
		2FD1F16220777B19008C56EB /* Sources */ = {
			isa = PBXSourcesBuildPhase;
			buildActionMask = 2147483647;
			files = (
				2FB46C79207A95E3004C5856 /* FinishAddLocationController.swift in Sources */,
				2FD1F16C20777B19008C56EB /* LoginViewController.swift in Sources */,
				2F45E46F20795CAE00485D2D /* MapViewController.swift in Sources */,
				2FD1F16A20777B19008C56EB /* AppDelegate.swift in Sources */,
				2FF53505207CB1DF0028B547 /* StudentDataSource.swift in Sources */,
				2F5E1B3E207A2449009C0B6D /* TabBarController.swift in Sources */,
				2FB46C7B207A9601004C5856 /* AddLocationViewController.swift in Sources */,
				2F45E473207A150F00485D2D /* TableViewController.swift in Sources */,
				2F45E47120797BE400485D2D /* UdacityNetworking.swift in Sources */,
				2FFAD4CA207828A3009555A9 /* NetworkingConstants.swift in Sources */,
				2F45E46D20795B1A00485D2D /* StudentInformation.swift in Sources */,
				2F45E46B2079598500485D2D /* ParseNetworking.swift in Sources */,
			);
			runOnlyForDeploymentPostprocessing = 0;
		};
/* End PBXSourcesBuildPhase section */

/* Begin PBXVariantGroup section */
		2FD1F16D20777B19008C56EB /* Main.storyboard */ = {
			isa = PBXVariantGroup;
			children = (
				2FD1F16E20777B19008C56EB /* Base */,
			);
			name = Main.storyboard;
			sourceTree = "<group>";
		};
		2FD1F17220777B1B008C56EB /* LaunchScreen.storyboard */ = {
			isa = PBXVariantGroup;
			children = (
				2FD1F17320777B1B008C56EB /* Base */,
			);
			name = LaunchScreen.storyboard;
			sourceTree = "<group>";
		};
/* End PBXVariantGroup section */

/* Begin XCBuildConfiguration section */
		2FD1F17620777B1B008C56EB /* Debug */ = {
			isa = XCBuildConfiguration;
			buildSettings = {
				ALWAYS_SEARCH_USER_PATHS = NO;
				CLANG_ANALYZER_NONNULL = YES;
				CLANG_ANALYZER_NUMBER_OBJECT_CONVERSION = YES_AGGRESSIVE;
				CLANG_CXX_LANGUAGE_STANDARD = "gnu++14";
				CLANG_CXX_LIBRARY = "libc++";
				CLANG_ENABLE_MODULES = YES;
				CLANG_ENABLE_OBJC_ARC = YES;
				CLANG_ENABLE_OBJC_WEAK = YES;
				CLANG_WARN_BLOCK_CAPTURE_AUTORELEASING = YES;
				CLANG_WARN_BOOL_CONVERSION = YES;
				CLANG_WARN_COMMA = YES;
				CLANG_WARN_CONSTANT_CONVERSION = YES;
				CLANG_WARN_DEPRECATED_OBJC_IMPLEMENTATIONS = YES;
				CLANG_WARN_DIRECT_OBJC_ISA_USAGE = YES_ERROR;
				CLANG_WARN_DOCUMENTATION_COMMENTS = YES;
				CLANG_WARN_EMPTY_BODY = YES;
				CLANG_WARN_ENUM_CONVERSION = YES;
				CLANG_WARN_INFINITE_RECURSION = YES;
				CLANG_WARN_INT_CONVERSION = YES;
				CLANG_WARN_NON_LITERAL_NULL_CONVERSION = YES;
				CLANG_WARN_OBJC_IMPLICIT_RETAIN_SELF = YES;
				CLANG_WARN_OBJC_LITERAL_CONVERSION = YES;
				CLANG_WARN_OBJC_ROOT_CLASS = YES_ERROR;
				CLANG_WARN_RANGE_LOOP_ANALYSIS = YES;
				CLANG_WARN_STRICT_PROTOTYPES = YES;
				CLANG_WARN_SUSPICIOUS_MOVE = YES;
				CLANG_WARN_UNGUARDED_AVAILABILITY = YES_AGGRESSIVE;
				CLANG_WARN_UNREACHABLE_CODE = YES;
				CLANG_WARN__DUPLICATE_METHOD_MATCH = YES;
				CODE_SIGN_IDENTITY = "iPhone Developer";
				COPY_PHASE_STRIP = NO;
				DEBUG_INFORMATION_FORMAT = dwarf;
				ENABLE_STRICT_OBJC_MSGSEND = YES;
				ENABLE_TESTABILITY = YES;
				GCC_C_LANGUAGE_STANDARD = gnu11;
				GCC_DYNAMIC_NO_PIC = NO;
				GCC_NO_COMMON_BLOCKS = YES;
				GCC_OPTIMIZATION_LEVEL = 0;
				GCC_PREPROCESSOR_DEFINITIONS = (
					"DEBUG=1",
					"$(inherited)",
				);
				GCC_WARN_64_TO_32_BIT_CONVERSION = YES;
				GCC_WARN_ABOUT_RETURN_TYPE = YES_ERROR;
				GCC_WARN_UNDECLARED_SELECTOR = YES;
				GCC_WARN_UNINITIALIZED_AUTOS = YES_AGGRESSIVE;
				GCC_WARN_UNUSED_FUNCTION = YES;
				GCC_WARN_UNUSED_VARIABLE = YES;
				IPHONEOS_DEPLOYMENT_TARGET = 11.3;
				MTL_ENABLE_DEBUG_INFO = YES;
				ONLY_ACTIVE_ARCH = YES;
				SDKROOT = iphoneos;
				SWIFT_ACTIVE_COMPILATION_CONDITIONS = DEBUG;
				SWIFT_OPTIMIZATION_LEVEL = "-Onone";
			};
			name = Debug;
		};
		2FD1F17720777B1B008C56EB /* Release */ = {
			isa = XCBuildConfiguration;
			buildSettings = {
				ALWAYS_SEARCH_USER_PATHS = NO;
				CLANG_ANALYZER_NONNULL = YES;
				CLANG_ANALYZER_NUMBER_OBJECT_CONVERSION = YES_AGGRESSIVE;
				CLANG_CXX_LANGUAGE_STANDARD = "gnu++14";
				CLANG_CXX_LIBRARY = "libc++";
				CLANG_ENABLE_MODULES = YES;
				CLANG_ENABLE_OBJC_ARC = YES;
				CLANG_ENABLE_OBJC_WEAK = YES;
				CLANG_WARN_BLOCK_CAPTURE_AUTORELEASING = YES;
				CLANG_WARN_BOOL_CONVERSION = YES;
				CLANG_WARN_COMMA = YES;
				CLANG_WARN_CONSTANT_CONVERSION = YES;
				CLANG_WARN_DEPRECATED_OBJC_IMPLEMENTATIONS = YES;
				CLANG_WARN_DIRECT_OBJC_ISA_USAGE = YES_ERROR;
				CLANG_WARN_DOCUMENTATION_COMMENTS = YES;
				CLANG_WARN_EMPTY_BODY = YES;
				CLANG_WARN_ENUM_CONVERSION = YES;
				CLANG_WARN_INFINITE_RECURSION = YES;
				CLANG_WARN_INT_CONVERSION = YES;
				CLANG_WARN_NON_LITERAL_NULL_CONVERSION = YES;
				CLANG_WARN_OBJC_IMPLICIT_RETAIN_SELF = YES;
				CLANG_WARN_OBJC_LITERAL_CONVERSION = YES;
				CLANG_WARN_OBJC_ROOT_CLASS = YES_ERROR;
				CLANG_WARN_RANGE_LOOP_ANALYSIS = YES;
				CLANG_WARN_STRICT_PROTOTYPES = YES;
				CLANG_WARN_SUSPICIOUS_MOVE = YES;
				CLANG_WARN_UNGUARDED_AVAILABILITY = YES_AGGRESSIVE;
				CLANG_WARN_UNREACHABLE_CODE = YES;
				CLANG_WARN__DUPLICATE_METHOD_MATCH = YES;
				CODE_SIGN_IDENTITY = "iPhone Developer";
				COPY_PHASE_STRIP = NO;
				DEBUG_INFORMATION_FORMAT = "dwarf-with-dsym";
				ENABLE_NS_ASSERTIONS = NO;
				ENABLE_STRICT_OBJC_MSGSEND = YES;
				GCC_C_LANGUAGE_STANDARD = gnu11;
				GCC_NO_COMMON_BLOCKS = YES;
				GCC_WARN_64_TO_32_BIT_CONVERSION = YES;
				GCC_WARN_ABOUT_RETURN_TYPE = YES_ERROR;
				GCC_WARN_UNDECLARED_SELECTOR = YES;
				GCC_WARN_UNINITIALIZED_AUTOS = YES_AGGRESSIVE;
				GCC_WARN_UNUSED_FUNCTION = YES;
				GCC_WARN_UNUSED_VARIABLE = YES;
				IPHONEOS_DEPLOYMENT_TARGET = 11.3;
				MTL_ENABLE_DEBUG_INFO = NO;
				SDKROOT = iphoneos;
				SWIFT_COMPILATION_MODE = wholemodule;
				SWIFT_OPTIMIZATION_LEVEL = "-O";
				VALIDATE_PRODUCT = YES;
			};
			name = Release;
		};
		2FD1F17920777B1B008C56EB /* Debug */ = {
			isa = XCBuildConfiguration;
			buildSettings = {
				ASSETCATALOG_COMPILER_APPICON_NAME = AppIcon;
				CODE_SIGN_STYLE = Automatic;
				DEVELOPMENT_TEAM = Q69U7M76JU;
				INFOPLIST_FILE = OnTheMap/Info.plist;
				LD_RUNPATH_SEARCH_PATHS = (
					"$(inherited)",
					"@executable_path/Frameworks",
				);
				PRODUCT_BUNDLE_IDENTIFIER = rtsProduction.OnTheMap;
				PRODUCT_NAME = "$(TARGET_NAME)";
				SWIFT_VERSION = 4.0;
				TARGETED_DEVICE_FAMILY = "1,2";
			};
			name = Debug;
		};
		2FD1F17A20777B1B008C56EB /* Release */ = {
			isa = XCBuildConfiguration;
			buildSettings = {
				ASSETCATALOG_COMPILER_APPICON_NAME = AppIcon;
				CODE_SIGN_STYLE = Automatic;
				DEVELOPMENT_TEAM = Q69U7M76JU;
				INFOPLIST_FILE = OnTheMap/Info.plist;
				LD_RUNPATH_SEARCH_PATHS = (
					"$(inherited)",
					"@executable_path/Frameworks",
				);
				PRODUCT_BUNDLE_IDENTIFIER = rtsProduction.OnTheMap;
				PRODUCT_NAME = "$(TARGET_NAME)";
				SWIFT_VERSION = 4.0;
				TARGETED_DEVICE_FAMILY = "1,2";
			};
			name = Release;
		};
/* End XCBuildConfiguration section */

/* Begin XCConfigurationList section */
		2FD1F16120777B19008C56EB /* Build configuration list for PBXProject "OnTheMap" */ = {
			isa = XCConfigurationList;
			buildConfigurations = (
				2FD1F17620777B1B008C56EB /* Debug */,
				2FD1F17720777B1B008C56EB /* Release */,
			);
			defaultConfigurationIsVisible = 0;
			defaultConfigurationName = Release;
		};
		2FD1F17820777B1B008C56EB /* Build configuration list for PBXNativeTarget "OnTheMap" */ = {
			isa = XCConfigurationList;
			buildConfigurations = (
				2FD1F17920777B1B008C56EB /* Debug */,
				2FD1F17A20777B1B008C56EB /* Release */,
			);
			defaultConfigurationIsVisible = 0;
			defaultConfigurationName = Release;
		};
/* End XCConfigurationList section */
	};
	rootObject = 2FD1F15E20777B19008C56EB /* Project object */;
}
